
Microsoft Visual Studio Solution File, Format Version 12.00
# Visual Studio Version 17
VisualStudioVersion = 17.14.36401.2 d17.14
MinimumVisualStudioVersion = 10.0.40219.1
Project("{FAE04EC0-301F-11D3-BF4B-00C04F79EFBC}") = "MyFirstWPFApp", "MyFirstWPFApp.csproj", "{338AF8F7-255B-4FBF-9330-E009F2AE987C}"
EndProject
Global
	GlobalSection(SolutionConfigurationPlatforms) = preSolution
		Debug|Any CPU = Debug|Any CPU
		Release|Any CPU = Release|Any CPU
	EndGlobalSection
	GlobalSection(ProjectConfigurationPlatforms) = postSolution
		{338AF8F7-255B-4FBF-9330-E009F2AE987C}.Debug|Any CPU.ActiveCfg = Debug|Any CPU
		{338AF8F7-255B-4FBF-9330-E009F2AE987C}.Debug|Any CPU.Build.0 = Debug|Any CPU
		{338AF8F7-255B-4FBF-9330-E009F2AE987C}.Release|Any CPU.ActiveCfg = Release|Any CPU
		{338AF8F7-255B-4FBF-9330-E009F2AE987C}.Release|Any CPU.Build.0 = Release|Any CPU
	EndGlobalSection
	GlobalSection(SolutionProperties) = preSolution
		HideSolutionNode = FALSE
	EndGlobalSection
	GlobalSection(ExtensibilityGlobals) = postSolution
		SolutionGuid = {9731C3E3-ADA8-4614-8266-AA66217E4386}
	EndGlobalSection
EndGlobal
