
Microsoft Visual Studio Solution File, Format Version 12.00
# Visual Studio Version 17
VisualStudioVersion = 17.14.36401.2 d17.14
MinimumVisualStudioVersion = 10.0.40219.1
Project("{FAE04EC0-301F-11D3-BF4B-00C04F79EFBC}") = "WpfApp1", "WpfApp1.csproj", "{017B51E4-6A94-40C1-9878-BD6E52DB9A84}"
EndProject
Global
	GlobalSection(SolutionConfigurationPlatforms) = preSolution
		Debug|Any CPU = Debug|Any CPU
		Release|Any CPU = Release|Any CPU
	EndGlobalSection
	GlobalSection(ProjectConfigurationPlatforms) = postSolution
		{017B51E4-6A94-40C1-9878-BD6E52DB9A84}.Debug|Any CPU.ActiveCfg = Debug|Any CPU
		{017B51E4-6A94-40C1-9878-BD6E52DB9A84}.Debug|Any CPU.Build.0 = Debug|Any CPU
		{017B51E4-6A94-40C1-9878-BD6E52DB9A84}.Release|Any CPU.ActiveCfg = Release|Any CPU
		{017B51E4-6A94-40C1-9878-BD6E52DB9A84}.Release|Any CPU.Build.0 = Release|Any CPU
	EndGlobalSection
	GlobalSection(SolutionProperties) = preSolution
		HideSolutionNode = FALSE
	EndGlobalSection
	GlobalSection(ExtensibilityGlobals) = postSolution
		SolutionGuid = {5BE50D31-B47D-4C88-ACAC-A21D5F518265}
	EndGlobalSection
EndGlobal
