
Microsoft Visual Studio Solution File, Format Version 12.00
# Visual Studio Version 17
VisualStudioVersion = 17.14.36401.2 d17.14
MinimumVisualStudioVersion = 10.0.40219.1
Project("{FAE04EC0-301F-11D3-BF4B-00C04F79EFBC}") = "CurrencyConverter", "CurrencyConverter.csproj", "{BB7B3849-F33D-4A36-9ED5-B48BED3902BE}"
EndProject
Global
	GlobalSection(SolutionConfigurationPlatforms) = preSolution
		Debug|Any CPU = Debug|Any CPU
		Release|Any CPU = Release|Any CPU
	EndGlobalSection
	GlobalSection(ProjectConfigurationPlatforms) = postSolution
		{BB7B3849-F33D-4A36-9ED5-B48BED3902BE}.Debug|Any CPU.ActiveCfg = Debug|Any CPU
		{BB7B3849-F33D-4A36-9ED5-B48BED3902BE}.Debug|Any CPU.Build.0 = Debug|Any CPU
		{BB7B3849-F33D-4A36-9ED5-B48BED3902BE}.Release|Any CPU.ActiveCfg = Release|Any CPU
		{BB7B3849-F33D-4A36-9ED5-B48BED3902BE}.Release|Any CPU.Build.0 = Release|Any CPU
	EndGlobalSection
	GlobalSection(SolutionProperties) = preSolution
		HideSolutionNode = FALSE
	EndGlobalSection
	GlobalSection(ExtensibilityGlobals) = postSolution
		SolutionGuid = {F60EA7CB-A4C6-4517-AE38-19145602AB3C}
	EndGlobalSection
EndGlobal
